// !$*UTF8*$!
{
	archiveVersion = 1;
	classes = {
	};
	objectVersion = 50;
	objects = {

/* Begin PBXBuildFile section */
		A6D3F73226096C4A0024575D /* CoreDataProjectApp.swift in Sources */ = {isa = PBXBuildFile; fileRef = A6D3F73126096C4A0024575D /* CoreDataProjectApp.swift */; };
		A6D3F73426096C4A0024575D /* ContentView.swift in Sources */ = {isa = PBXBuildFile; fileRef = A6D3F73326096C4A0024575D /* ContentView.swift */; };
		A6D3F73626096C4B0024575D /* Assets.xcassets in Resources */ = {isa = PBXBuildFile; fileRef = A6D3F73526096C4B0024575D /* Assets.xcassets */; };
		A6D3F73926096C4B0024575D /* Preview Assets.xcassets in Resources */ = {isa = PBXBuildFile; fileRef = A6D3F73826096C4B0024575D /* Preview Assets.xcassets */; };
		A6D3F74926096F580024575D /* CoreDataProject.xcdatamodeld in Sources */ = {isa = PBXBuildFile; fileRef = A6D3F74726096F580024575D /* CoreDataProject.xcdatamodeld */; };
		A6D3F753260970DA0024575D /* Movie+CoreDataClass.swift in Sources */ = {isa = PBXBuildFile; fileRef = A6D3F751260970DA0024575D /* Movie+CoreDataClass.swift */; };
		A6D3F754260970DA0024575D /* Movie+CoreDataProperties.swift in Sources */ = {isa = PBXBuildFile; fileRef = A6D3F752260970DA0024575D /* Movie+CoreDataProperties.swift */; };
		A6D3F759260978B20024575D /* Persistence.swift in Sources */ = {isa = PBXBuildFile; fileRef = A6D3F758260978B20024575D /* Persistence.swift */; };
		A6D3F75D26097CEF0024575D /* Singer+CoreDataClass.swift in Sources */ = {isa = PBXBuildFile; fileRef = A6D3F75B26097CEF0024575D /* Singer+CoreDataClass.swift */; };
		A6D3F75E26097CEF0024575D /* Singer+CoreDataProperties.swift in Sources */ = {isa = PBXBuildFile; fileRef = A6D3F75C26097CEF0024575D /* Singer+CoreDataProperties.swift */; };
		A6D3F76226097DD80024575D /* FilteredList.swift in Sources */ = {isa = PBXBuildFile; fileRef = A6D3F76126097DD80024575D /* FilteredList.swift */; };
		A6D3F7682609BA440024575D /* Country+CoreDataClass.swift in Sources */ = {isa = PBXBuildFile; fileRef = A6D3F7642609BA440024575D /* Country+CoreDataClass.swift */; };
		A6D3F7692609BA440024575D /* Country+CoreDataProperties.swift in Sources */ = {isa = PBXBuildFile; fileRef = A6D3F7652609BA440024575D /* Country+CoreDataProperties.swift */; };
		A6D3F76A2609BA440024575D /* Candy+CoreDataClass.swift in Sources */ = {isa = PBXBuildFile; fileRef = A6D3F7662609BA440024575D /* Candy+CoreDataClass.swift */; };
		A6D3F76B2609BA440024575D /* Candy+CoreDataProperties.swift in Sources */ = {isa = PBXBuildFile; fileRef = A6D3F7672609BA440024575D /* Candy+CoreDataProperties.swift */; };
/* End PBXBuildFile section */

/* Begin PBXFileReference section */
		A6D3F72E26096C4A0024575D /* CoreDataProject.app */ = {isa = PBXFileReference; explicitFileType = wrapper.application; includeInIndex = 0; path = CoreDataProject.app; sourceTree = BUILT_PRODUCTS_DIR; };
		A6D3F73126096C4A0024575D /* CoreDataProjectApp.swift */ = {isa = PBXFileReference; lastKnownFileType = sourcecode.swift; path = CoreDataProjectApp.swift; sourceTree = "<group>"; };
		A6D3F73326096C4A0024575D /* ContentView.swift */ = {isa = PBXFileReference; lastKnownFileType = sourcecode.swift; path = ContentView.swift; sourceTree = "<group>"; };
		A6D3F73526096C4B0024575D /* Assets.xcassets */ = {isa = PBXFileReference; lastKnownFileType = folder.assetcatalog; path = Assets.xcassets; sourceTree = "<group>"; };
		A6D3F73826096C4B0024575D /* Preview Assets.xcassets */ = {isa = PBXFileReference; lastKnownFileType = folder.assetcatalog; path = "Preview Assets.xcassets"; sourceTree = "<group>"; };
		A6D3F73F26096C4B0024575D /* Info.plist */ = {isa = PBXFileReference; lastKnownFileType = text.plist.xml; path = Info.plist; sourceTree = "<group>"; };
		A6D3F74826096F580024575D /* CoreDataProject.xcdatamodel */ = {isa = PBXFileReference; lastKnownFileType = wrapper.xcdatamodel; path = CoreDataProject.xcdatamodel; sourceTree = "<group>"; };
		A6D3F751260970DA0024575D /* Movie+CoreDataClass.swift */ = {isa = PBXFileReference; lastKnownFileType = sourcecode.swift; path = "Movie+CoreDataClass.swift"; sourceTree = "<group>"; };
		A6D3F752260970DA0024575D /* Movie+CoreDataProperties.swift */ = {isa = PBXFileReference; lastKnownFileType = sourcecode.swift; path = "Movie+CoreDataProperties.swift"; sourceTree = "<group>"; };
		A6D3F758260978B20024575D /* Persistence.swift */ = {isa = PBXFileReference; fileEncoding = 4; lastKnownFileType = sourcecode.swift; path = Persistence.swift; sourceTree = "<group>"; };
		A6D3F75B26097CEF0024575D /* Singer+CoreDataClass.swift */ = {isa = PBXFileReference; lastKnownFileType = sourcecode.swift; path = "Singer+CoreDataClass.swift"; sourceTree = "<group>"; };
		A6D3F75C26097CEF0024575D /* Singer+CoreDataProperties.swift */ = {isa = PBXFileReference; lastKnownFileType = sourcecode.swift; path = "Singer+CoreDataProperties.swift"; sourceTree = "<group>"; };
		A6D3F76126097DD80024575D /* FilteredList.swift */ = {isa = PBXFileReference; lastKnownFileType = sourcecode.swift; path = FilteredList.swift; sourceTree = "<group>"; };
		A6D3F7642609BA440024575D /* Country+CoreDataClass.swift */ = {isa = PBXFileReference; lastKnownFileType = sourcecode.swift; path = "Country+CoreDataClass.swift"; sourceTree = "<group>"; };
		A6D3F7652609BA440024575D /* Country+CoreDataProperties.swift */ = {isa = PBXFileReference; lastKnownFileType = sourcecode.swift; path = "Country+CoreDataProperties.swift"; sourceTree = "<group>"; };
		A6D3F7662609BA440024575D /* Candy+CoreDataClass.swift */ = {isa = PBXFileReference; lastKnownFileType = sourcecode.swift; path = "Candy+CoreDataClass.swift"; sourceTree = "<group>"; };
		A6D3F7672609BA440024575D /* Candy+CoreDataProperties.swift */ = {isa = PBXFileReference; lastKnownFileType = sourcecode.swift; path = "Candy+CoreDataProperties.swift"; sourceTree = "<group>"; };
/* End PBXFileReference section */

/* Begin PBXFrameworksBuildPhase section */
		A6D3F72B26096C4A0024575D /* Frameworks */ = {
			isa = PBXFrameworksBuildPhase;
			buildActionMask = 2147483647;
			files = (
			);
			runOnlyForDeploymentPostprocessing = 0;
		};
/* End PBXFrameworksBuildPhase section */

/* Begin PBXGroup section */
		A6D3F72526096C4A0024575D = {
			isa = PBXGroup;
			children = (
				A6D3F73026096C4A0024575D /* CoreDataProject */,
				A6D3F72F26096C4A0024575D /* Products */,
			);
			sourceTree = "<group>";
		};
		A6D3F72F26096C4A0024575D /* Products */ = {
			isa = PBXGroup;
			children = (
				A6D3F72E26096C4A0024575D /* CoreDataProject.app */,
			);
			name = Products;
			sourceTree = "<group>";
		};
		A6D3F73026096C4A0024575D /* CoreDataProject */ = {
			isa = PBXGroup;
			children = (
				A6D3F7642609BA440024575D /* Country+CoreDataClass.swift */,
				A6D3F7652609BA440024575D /* Country+CoreDataProperties.swift */,
				A6D3F7662609BA440024575D /* Candy+CoreDataClass.swift */,
				A6D3F7672609BA440024575D /* Candy+CoreDataProperties.swift */,
				A6D3F75B26097CEF0024575D /* Singer+CoreDataClass.swift */,
				A6D3F75C26097CEF0024575D /* Singer+CoreDataProperties.swift */,
				A6D3F758260978B20024575D /* Persistence.swift */,
				A6D3F752260970DA0024575D /* Movie+CoreDataProperties.swift */,
				A6D3F751260970DA0024575D /* Movie+CoreDataClass.swift */,
				A6D3F73126096C4A0024575D /* CoreDataProjectApp.swift */,
				A6D3F73326096C4A0024575D /* ContentView.swift */,
				A6D3F76126097DD80024575D /* FilteredList.swift */,
				A6D3F73526096C4B0024575D /* Assets.xcassets */,
				A6D3F74726096F580024575D /* CoreDataProject.xcdatamodeld */,
				A6D3F73F26096C4B0024575D /* Info.plist */,
				A6D3F73726096C4B0024575D /* Preview Content */,
			);
			path = CoreDataProject;
			sourceTree = "<group>";
		};
		A6D3F73726096C4B0024575D /* Preview Content */ = {
			isa = PBXGroup;
			children = (
				A6D3F73826096C4B0024575D /* Preview Assets.xcassets */,
			);
			path = "Preview Content";
			sourceTree = "<group>";
		};
/* End PBXGroup section */

/* Begin PBXNativeTarget section */
		A6D3F72D26096C4A0024575D /* CoreDataProject */ = {
			isa = PBXNativeTarget;
			buildConfigurationList = A6D3F74226096C4B0024575D /* Build configuration list for PBXNativeTarget "CoreDataProject" */;
			buildPhases = (
				A6D3F72A26096C4A0024575D /* Sources */,
				A6D3F72B26096C4A0024575D /* Frameworks */,
				A6D3F72C26096C4A0024575D /* Resources */,
			);
			buildRules = (
			);
			dependencies = (
			);
			name = CoreDataProject;
			productName = CoreDataProject;
			productReference = A6D3F72E26096C4A0024575D /* CoreDataProject.app */;
			productType = "com.apple.product-type.application";
		};
/* End PBXNativeTarget section */

/* Begin PBXProject section */
		A6D3F72626096C4A0024575D /* Project object */ = {
			isa = PBXProject;
			attributes = {
				LastSwiftUpdateCheck = 1240;
				LastUpgradeCheck = 1240;
				TargetAttributes = {
					A6D3F72D26096C4A0024575D = {
						CreatedOnToolsVersion = 12.4;
					};
				};
			};
			buildConfigurationList = A6D3F72926096C4A0024575D /* Build configuration list for PBXProject "CoreDataProject" */;
			compatibilityVersion = "Xcode 9.3";
			developmentRegion = en;
			hasScannedForEncodings = 0;
			knownRegions = (
				en,
				Base,
			);
			mainGroup = A6D3F72526096C4A0024575D;
			productRefGroup = A6D3F72F26096C4A0024575D /* Products */;
			projectDirPath = "";
			projectRoot = "";
			targets = (
				A6D3F72D26096C4A0024575D /* CoreDataProject */,
			);
		};
/* End PBXProject section */

/* Begin PBXResourcesBuildPhase section */
		A6D3F72C26096C4A0024575D /* Resources */ = {
			isa = PBXResourcesBuildPhase;
			buildActionMask = 2147483647;
			files = (
				A6D3F73926096C4B0024575D /* Preview Assets.xcassets in Resources */,
				A6D3F73626096C4B0024575D /* Assets.xcassets in Resources */,
			);
			runOnlyForDeploymentPostprocessing = 0;
		};
/* End PBXResourcesBuildPhase section */

/* Begin PBXSourcesBuildPhase section */
		A6D3F72A26096C4A0024575D /* Sources */ = {
			isa = PBXSourcesBuildPhase;
			buildActionMask = 2147483647;
			files = (
				A6D3F75D26097CEF0024575D /* Singer+CoreDataClass.swift in Sources */,
				A6D3F73426096C4A0024575D /* ContentView.swift in Sources */,
				A6D3F76226097DD80024575D /* FilteredList.swift in Sources */,
				A6D3F74926096F580024575D /* CoreDataProject.xcdatamodeld in Sources */,
				A6D3F753260970DA0024575D /* Movie+CoreDataClass.swift in Sources */,
				A6D3F76B2609BA440024575D /* Candy+CoreDataProperties.swift in Sources */,
				A6D3F759260978B20024575D /* Persistence.swift in Sources */,
				A6D3F7692609BA440024575D /* Country+CoreDataProperties.swift in Sources */,
				A6D3F75E26097CEF0024575D /* Singer+CoreDataProperties.swift in Sources */,
				A6D3F754260970DA0024575D /* Movie+CoreDataProperties.swift in Sources */,
				A6D3F7682609BA440024575D /* Country+CoreDataClass.swift in Sources */,
				A6D3F73226096C4A0024575D /* CoreDataProjectApp.swift in Sources */,
				A6D3F76A2609BA440024575D /* Candy+CoreDataClass.swift in Sources */,
			);
			runOnlyForDeploymentPostprocessing = 0;
		};
/* End PBXSourcesBuildPhase section */

/* Begin XCBuildConfiguration section */
		A6D3F74026096C4B0024575D /* Debug */ = {
			isa = XCBuildConfiguration;
			buildSettings = {
				ALWAYS_SEARCH_USER_PATHS = NO;
				CLANG_ANALYZER_NONNULL = YES;
				CLANG_ANALYZER_NUMBER_OBJECT_CONVERSION = YES_AGGRESSIVE;
				CLANG_CXX_LANGUAGE_STANDARD = "gnu++14";
				CLANG_CXX_LIBRARY = "libc++";
				CLANG_ENABLE_MODULES = YES;
				CLANG_ENABLE_OBJC_ARC = YES;
				CLANG_ENABLE_OBJC_WEAK = YES;
				CLANG_WARN_BLOCK_CAPTURE_AUTORELEASING = YES;
				CLANG_WARN_BOOL_CONVERSION = YES;
				CLANG_WARN_COMMA = YES;
				CLANG_WARN_CONSTANT_CONVERSION = YES;
				CLANG_WARN_DEPRECATED_OBJC_IMPLEMENTATIONS = YES;
				CLANG_WARN_DIRECT_OBJC_ISA_USAGE = YES_ERROR;
				CLANG_WARN_DOCUMENTATION_COMMENTS = YES;
				CLANG_WARN_EMPTY_BODY = YES;
				CLANG_WARN_ENUM_CONVERSION = YES;
				CLANG_WARN_INFINITE_RECURSION = YES;
				CLANG_WARN_INT_CONVERSION = YES;
				CLANG_WARN_NON_LITERAL_NULL_CONVERSION = YES;
				CLANG_WARN_OBJC_IMPLICIT_RETAIN_SELF = YES;
				CLANG_WARN_OBJC_LITERAL_CONVERSION = YES;
				CLANG_WARN_OBJC_ROOT_CLASS = YES_ERROR;
				CLANG_WARN_QUOTED_INCLUDE_IN_FRAMEWORK_HEADER = YES;
				CLANG_WARN_RANGE_LOOP_ANALYSIS = YES;
				CLANG_WARN_STRICT_PROTOTYPES = YES;
				CLANG_WARN_SUSPICIOUS_MOVE = YES;
				CLANG_WARN_UNGUARDED_AVAILABILITY = YES_AGGRESSIVE;
				CLANG_WARN_UNREACHABLE_CODE = YES;
				CLANG_WARN__DUPLICATE_METHOD_MATCH = YES;
				COPY_PHASE_STRIP = NO;
				DEBUG_INFORMATION_FORMAT = dwarf;
				ENABLE_STRICT_OBJC_MSGSEND = YES;
				ENABLE_TESTABILITY = YES;
				GCC_C_LANGUAGE_STANDARD = gnu11;
				GCC_DYNAMIC_NO_PIC = NO;
				GCC_NO_COMMON_BLOCKS = YES;
				GCC_OPTIMIZATION_LEVEL = 0;
				GCC_PREPROCESSOR_DEFINITIONS = (
					"DEBUG=1",
					"$(inherited)",
				);
				GCC_WARN_64_TO_32_BIT_CONVERSION = YES;
				GCC_WARN_ABOUT_RETURN_TYPE = YES_ERROR;
				GCC_WARN_UNDECLARED_SELECTOR = YES;
				GCC_WARN_UNINITIALIZED_AUTOS = YES_AGGRESSIVE;
				GCC_WARN_UNUSED_FUNCTION = YES;
				GCC_WARN_UNUSED_VARIABLE = YES;
				IPHONEOS_DEPLOYMENT_TARGET = 14.4;
				MTL_ENABLE_DEBUG_INFO = INCLUDE_SOURCE;
				MTL_FAST_MATH = YES;
				ONLY_ACTIVE_ARCH = YES;
				SDKROOT = iphoneos;
				SWIFT_ACTIVE_COMPILATION_CONDITIONS = DEBUG;
				SWIFT_OPTIMIZATION_LEVEL = "-Onone";
			};
			name = Debug;
		};
		A6D3F74126096C4B0024575D /* Release */ = {
			isa = XCBuildConfiguration;
			buildSettings = {
				ALWAYS_SEARCH_USER_PATHS = NO;
				CLANG_ANALYZER_NONNULL = YES;
				CLANG_ANALYZER_NUMBER_OBJECT_CONVERSION = YES_AGGRESSIVE;
				CLANG_CXX_LANGUAGE_STANDARD = "gnu++14";
				CLANG_CXX_LIBRARY = "libc++";
				CLANG_ENABLE_MODULES = YES;
				CLANG_ENABLE_OBJC_ARC = YES;
				CLANG_ENABLE_OBJC_WEAK = YES;
				CLANG_WARN_BLOCK_CAPTURE_AUTORELEASING = YES;
				CLANG_WARN_BOOL_CONVERSION = YES;
				CLANG_WARN_COMMA = YES;
				CLANG_WARN_CONSTANT_CONVERSION = YES;
				CLANG_WARN_DEPRECATED_OBJC_IMPLEMENTATIONS = YES;
				CLANG_WARN_DIRECT_OBJC_ISA_USAGE = YES_ERROR;
				CLANG_WARN_DOCUMENTATION_COMMENTS = YES;
				CLANG_WARN_EMPTY_BODY = YES;
				CLANG_WARN_ENUM_CONVERSION = YES;
				CLANG_WARN_INFINITE_RECURSION = YES;
				CLANG_WARN_INT_CONVERSION = YES;
				CLANG_WARN_NON_LITERAL_NULL_CONVERSION = YES;
				CLANG_WARN_OBJC_IMPLICIT_RETAIN_SELF = YES;
				CLANG_WARN_OBJC_LITERAL_CONVERSION = YES;
				CLANG_WARN_OBJC_ROOT_CLASS = YES_ERROR;
				CLANG_WARN_QUOTED_INCLUDE_IN_FRAMEWORK_HEADER = YES;
				CLANG_WARN_RANGE_LOOP_ANALYSIS = YES;
				CLANG_WARN_STRICT_PROTOTYPES = YES;
				CLANG_WARN_SUSPICIOUS_MOVE = YES;
				CLANG_WARN_UNGUARDED_AVAILABILITY = YES_AGGRESSIVE;
				CLANG_WARN_UNREACHABLE_CODE = YES;
				CLANG_WARN__DUPLICATE_METHOD_MATCH = YES;
				COPY_PHASE_STRIP = NO;
				DEBUG_INFORMATION_FORMAT = "dwarf-with-dsym";
				ENABLE_NS_ASSERTIONS = NO;
				ENABLE_STRICT_OBJC_MSGSEND = YES;
				GCC_C_LANGUAGE_STANDARD = gnu11;
				GCC_NO_COMMON_BLOCKS = YES;
				GCC_WARN_64_TO_32_BIT_CONVERSION = YES;
				GCC_WARN_ABOUT_RETURN_TYPE = YES_ERROR;
				GCC_WARN_UNDECLARED_SELECTOR = YES;
				GCC_WARN_UNINITIALIZED_AUTOS = YES_AGGRESSIVE;
				GCC_WARN_UNUSED_FUNCTION = YES;
				GCC_WARN_UNUSED_VARIABLE = YES;
				IPHONEOS_DEPLOYMENT_TARGET = 14.4;
				MTL_ENABLE_DEBUG_INFO = NO;
				MTL_FAST_MATH = YES;
				SDKROOT = iphoneos;
				SWIFT_COMPILATION_MODE = wholemodule;
				SWIFT_OPTIMIZATION_LEVEL = "-O";
				VALIDATE_PRODUCT = YES;
			};
			name = Release;
		};
		A6D3F74326096C4B0024575D /* Debug */ = {
			isa = XCBuildConfiguration;
			buildSettings = {
				ASSETCATALOG_COMPILER_APPICON_NAME = AppIcon;
				ASSETCATALOG_COMPILER_GLOBAL_ACCENT_COLOR_NAME = AccentColor;
				CODE_SIGN_STYLE = Automatic;
				DEVELOPMENT_ASSET_PATHS = "\"CoreDataProject/Preview Content\"";
				DEVELOPMENT_TEAM = SDW84XWCVH;
				ENABLE_PREVIEWS = YES;
				INFOPLIST_FILE = CoreDataProject/Info.plist;
				IPHONEOS_DEPLOYMENT_TARGET = 14.0;
				LD_RUNPATH_SEARCH_PATHS = (
					"$(inherited)",
					"@executable_path/Frameworks",
				);
				PRODUCT_BUNDLE_IDENTIFIER = tavvfiq.CoreDataProject;
				PRODUCT_NAME = "$(TARGET_NAME)";
				SWIFT_VERSION = 5.0;
				TARGETED_DEVICE_FAMILY = "1,2";
			};
			name = Debug;
		};
		A6D3F74426096C4B0024575D /* Release */ = {
			isa = XCBuildConfiguration;
			buildSettings = {
				ASSETCATALOG_COMPILER_APPICON_NAME = AppIcon;
				ASSETCATALOG_COMPILER_GLOBAL_ACCENT_COLOR_NAME = AccentColor;
				CODE_SIGN_STYLE = Automatic;
				DEVELOPMENT_ASSET_PATHS = "\"CoreDataProject/Preview Content\"";
				DEVELOPMENT_TEAM = SDW84XWCVH;
				ENABLE_PREVIEWS = YES;
				INFOPLIST_FILE = CoreDataProject/Info.plist;
				IPHONEOS_DEPLOYMENT_TARGET = 14.0;
				LD_RUNPATH_SEARCH_PATHS = (
					"$(inherited)",
					"@executable_path/Frameworks",
				);
				PRODUCT_BUNDLE_IDENTIFIER = tavvfiq.CoreDataProject;
				PRODUCT_NAME = "$(TARGET_NAME)";
				SWIFT_VERSION = 5.0;
				TARGETED_DEVICE_FAMILY = "1,2";
			};
			name = Release;
		};
/* End XCBuildConfiguration section */

/* Begin XCConfigurationList section */
		A6D3F72926096C4A0024575D /* Build configuration list for PBXProject "CoreDataProject" */ = {
			isa = XCConfigurationList;
			buildConfigurations = (
				A6D3F74026096C4B0024575D /* Debug */,
				A6D3F74126096C4B0024575D /* Release */,
			);
			defaultConfigurationIsVisible = 0;
			defaultConfigurationName = Release;
		};
		A6D3F74226096C4B0024575D /* Build configuration list for PBXNativeTarget "CoreDataProject" */ = {
			isa = XCConfigurationList;
			buildConfigurations = (
				A6D3F74326096C4B0024575D /* Debug */,
				A6D3F74426096C4B0024575D /* Release */,
			);
			defaultConfigurationIsVisible = 0;
			defaultConfigurationName = Release;
		};
/* End XCConfigurationList section */

/* Begin XCVersionGroup section */
		A6D3F74726096F580024575D /* CoreDataProject.xcdatamodeld */ = {
			isa = XCVersionGroup;
			children = (
				A6D3F74826096F580024575D /* CoreDataProject.xcdatamodel */,
			);
			currentVersion = A6D3F74826096F580024575D /* CoreDataProject.xcdatamodel */;
			path = CoreDataProject.xcdatamodeld;
			sourceTree = "<group>";
			versionGroupType = wrapper.xcdatamodel;
		};
/* End XCVersionGroup section */
	};
	rootObject = A6D3F72626096C4A0024575D /* Project object */;
}
