// !$*UTF8*$!
{
	archiveVersion = 1;
	classes = {
	};
	objectVersion = 50;
	objects = {

/* Begin PBXBuildFile section */
		A6360E8C25FB9B9700B09FD1 /* MoonshotApp.swift in Sources */ = {isa = PBXBuildFile; fileRef = A6360E8B25FB9B9700B09FD1 /* MoonshotApp.swift */; };
		A6360E8E25FB9B9700B09FD1 /* ContentView.swift in Sources */ = {isa = PBXBuildFile; fileRef = A6360E8D25FB9B9700B09FD1 /* ContentView.swift */; };
		A6360E9025FB9B9800B09FD1 /* Assets.xcassets in Resources */ = {isa = PBXBuildFile; fileRef = A6360E8F25FB9B9800B09FD1 /* Assets.xcassets */; };
		A6360E9325FB9B9800B09FD1 /* Preview Assets.xcassets in Resources */ = {isa = PBXBuildFile; fileRef = A6360E9225FB9B9800B09FD1 /* Preview Assets.xcassets */; };
		A6360E9F25FB9C2800B09FD1 /* astronauts.json in Resources */ = {isa = PBXBuildFile; fileRef = A6360E9E25FB9C2800B09FD1 /* astronauts.json */; };
		A6360EA625FB9CFB00B09FD1 /* missions.json in Resources */ = {isa = PBXBuildFile; fileRef = A6360EA525FB9CFB00B09FD1 /* missions.json */; };
		A6360EAA25FB9F9E00B09FD1 /* AstronautModel.swift in Sources */ = {isa = PBXBuildFile; fileRef = A6360EA925FB9F9E00B09FD1 /* AstronautModel.swift */; };
		A6360EAD25FB9FEA00B09FD1 /* Bundle-Decodable.swift in Sources */ = {isa = PBXBuildFile; fileRef = A6360EAC25FB9FEA00B09FD1 /* Bundle-Decodable.swift */; };
		A6360EB025FBA6B800B09FD1 /* MissionView.swift in Sources */ = {isa = PBXBuildFile; fileRef = A6360EAF25FBA6B800B09FD1 /* MissionView.swift */; };
		A6360EB325FBAB8100B09FD1 /* AstronautView.swift in Sources */ = {isa = PBXBuildFile; fileRef = A6360EB225FBAB8100B09FD1 /* AstronautView.swift */; };
/* End PBXBuildFile section */

/* Begin PBXFileReference section */
		A6360E8825FB9B9700B09FD1 /* Moonshot.app */ = {isa = PBXFileReference; explicitFileType = wrapper.application; includeInIndex = 0; path = Moonshot.app; sourceTree = BUILT_PRODUCTS_DIR; };
		A6360E8B25FB9B9700B09FD1 /* MoonshotApp.swift */ = {isa = PBXFileReference; lastKnownFileType = sourcecode.swift; path = MoonshotApp.swift; sourceTree = "<group>"; };
		A6360E8D25FB9B9700B09FD1 /* ContentView.swift */ = {isa = PBXFileReference; lastKnownFileType = sourcecode.swift; path = ContentView.swift; sourceTree = "<group>"; };
		A6360E8F25FB9B9800B09FD1 /* Assets.xcassets */ = {isa = PBXFileReference; lastKnownFileType = folder.assetcatalog; path = Assets.xcassets; sourceTree = "<group>"; };
		A6360E9225FB9B9800B09FD1 /* Preview Assets.xcassets */ = {isa = PBXFileReference; lastKnownFileType = folder.assetcatalog; path = "Preview Assets.xcassets"; sourceTree = "<group>"; };
		A6360E9425FB9B9800B09FD1 /* Info.plist */ = {isa = PBXFileReference; lastKnownFileType = text.plist.xml; path = Info.plist; sourceTree = "<group>"; };
		A6360E9E25FB9C2800B09FD1 /* astronauts.json */ = {isa = PBXFileReference; fileEncoding = 4; lastKnownFileType = text.json; name = astronauts.json; path = "../../../../../../Downloads/HackingWithSwift-main/SwiftUI/project8-files/astronauts.json"; sourceTree = "<group>"; };
		A6360EA525FB9CFB00B09FD1 /* missions.json */ = {isa = PBXFileReference; fileEncoding = 4; lastKnownFileType = text.json; path = missions.json; sourceTree = "<group>"; };
		A6360EA925FB9F9E00B09FD1 /* AstronautModel.swift */ = {isa = PBXFileReference; lastKnownFileType = sourcecode.swift; path = AstronautModel.swift; sourceTree = "<group>"; };
		A6360EAC25FB9FEA00B09FD1 /* Bundle-Decodable.swift */ = {isa = PBXFileReference; lastKnownFileType = sourcecode.swift; path = "Bundle-Decodable.swift"; sourceTree = "<group>"; };
		A6360EAF25FBA6B800B09FD1 /* MissionView.swift */ = {isa = PBXFileReference; lastKnownFileType = sourcecode.swift; path = MissionView.swift; sourceTree = "<group>"; };
		A6360EB225FBAB8100B09FD1 /* AstronautView.swift */ = {isa = PBXFileReference; lastKnownFileType = sourcecode.swift; path = AstronautView.swift; sourceTree = "<group>"; };
/* End PBXFileReference section */

/* Begin PBXFrameworksBuildPhase section */
		A6360E8525FB9B9700B09FD1 /* Frameworks */ = {
			isa = PBXFrameworksBuildPhase;
			buildActionMask = 2147483647;
			files = (
			);
			runOnlyForDeploymentPostprocessing = 0;
		};
/* End PBXFrameworksBuildPhase section */

/* Begin PBXGroup section */
		A6360E7F25FB9B9700B09FD1 = {
			isa = PBXGroup;
			children = (
				A6360E8A25FB9B9700B09FD1 /* Moonshot */,
				A6360E8925FB9B9700B09FD1 /* Products */,
			);
			sourceTree = "<group>";
		};
		A6360E8925FB9B9700B09FD1 /* Products */ = {
			isa = PBXGroup;
			children = (
				A6360E8825FB9B9700B09FD1 /* Moonshot.app */,
			);
			name = Products;
			sourceTree = "<group>";
		};
		A6360E8A25FB9B9700B09FD1 /* Moonshot */ = {
			isa = PBXGroup;
			children = (
				A6360E8B25FB9B9700B09FD1 /* MoonshotApp.swift */,
				A6360E8D25FB9B9700B09FD1 /* ContentView.swift */,
				A6360EA925FB9F9E00B09FD1 /* AstronautModel.swift */,
				A6360EAC25FB9FEA00B09FD1 /* Bundle-Decodable.swift */,
				A6360E9E25FB9C2800B09FD1 /* astronauts.json */,
				A6360EA525FB9CFB00B09FD1 /* missions.json */,
				A6360E8F25FB9B9800B09FD1 /* Assets.xcassets */,
				A6360E9425FB9B9800B09FD1 /* Info.plist */,
				A6360E9125FB9B9800B09FD1 /* Preview Content */,
				A6360EAF25FBA6B800B09FD1 /* MissionView.swift */,
				A6360EB225FBAB8100B09FD1 /* AstronautView.swift */,
			);
			path = Moonshot;
			sourceTree = "<group>";
		};
		A6360E9125FB9B9800B09FD1 /* Preview Content */ = {
			isa = PBXGroup;
			children = (
				A6360E9225FB9B9800B09FD1 /* Preview Assets.xcassets */,
			);
			path = "Preview Content";
			sourceTree = "<group>";
		};
/* End PBXGroup section */

/* Begin PBXNativeTarget section */
		A6360E8725FB9B9700B09FD1 /* Moonshot */ = {
			isa = PBXNativeTarget;
			buildConfigurationList = A6360E9725FB9B9800B09FD1 /* Build configuration list for PBXNativeTarget "Moonshot" */;
			buildPhases = (
				A6360E8425FB9B9700B09FD1 /* Sources */,
				A6360E8525FB9B9700B09FD1 /* Frameworks */,
				A6360E8625FB9B9700B09FD1 /* Resources */,
			);
			buildRules = (
			);
			dependencies = (
			);
			name = Moonshot;
			productName = Moonshot;
			productReference = A6360E8825FB9B9700B09FD1 /* Moonshot.app */;
			productType = "com.apple.product-type.application";
		};
/* End PBXNativeTarget section */

/* Begin PBXProject section */
		A6360E8025FB9B9700B09FD1 /* Project object */ = {
			isa = PBXProject;
			attributes = {
				LastSwiftUpdateCheck = 1240;
				LastUpgradeCheck = 1240;
				TargetAttributes = {
					A6360E8725FB9B9700B09FD1 = {
						CreatedOnToolsVersion = 12.4;
					};
				};
			};
			buildConfigurationList = A6360E8325FB9B9700B09FD1 /* Build configuration list for PBXProject "Moonshot" */;
			compatibilityVersion = "Xcode 9.3";
			developmentRegion = en;
			hasScannedForEncodings = 0;
			knownRegions = (
				en,
				Base,
			);
			mainGroup = A6360E7F25FB9B9700B09FD1;
			productRefGroup = A6360E8925FB9B9700B09FD1 /* Products */;
			projectDirPath = "";
			projectRoot = "";
			targets = (
				A6360E8725FB9B9700B09FD1 /* Moonshot */,
			);
		};
/* End PBXProject section */

/* Begin PBXResourcesBuildPhase section */
		A6360E8625FB9B9700B09FD1 /* Resources */ = {
			isa = PBXResourcesBuildPhase;
			buildActionMask = 2147483647;
			files = (
				A6360EA625FB9CFB00B09FD1 /* missions.json in Resources */,
				A6360E9325FB9B9800B09FD1 /* Preview Assets.xcassets in Resources */,
				A6360E9025FB9B9800B09FD1 /* Assets.xcassets in Resources */,
				A6360E9F25FB9C2800B09FD1 /* astronauts.json in Resources */,
			);
			runOnlyForDeploymentPostprocessing = 0;
		};
/* End PBXResourcesBuildPhase section */

/* Begin PBXSourcesBuildPhase section */
		A6360E8425FB9B9700B09FD1 /* Sources */ = {
			isa = PBXSourcesBuildPhase;
			buildActionMask = 2147483647;
			files = (
				A6360E8E25FB9B9700B09FD1 /* ContentView.swift in Sources */,
				A6360E8C25FB9B9700B09FD1 /* MoonshotApp.swift in Sources */,
				A6360EAA25FB9F9E00B09FD1 /* AstronautModel.swift in Sources */,
				A6360EAD25FB9FEA00B09FD1 /* Bundle-Decodable.swift in Sources */,
				A6360EB325FBAB8100B09FD1 /* AstronautView.swift in Sources */,
				A6360EB025FBA6B800B09FD1 /* MissionView.swift in Sources */,
			);
			runOnlyForDeploymentPostprocessing = 0;
		};
/* End PBXSourcesBuildPhase section */

/* Begin XCBuildConfiguration section */
		A6360E9525FB9B9800B09FD1 /* Debug */ = {
			isa = XCBuildConfiguration;
			buildSettings = {
				ALWAYS_SEARCH_USER_PATHS = NO;
				CLANG_ANALYZER_NONNULL = YES;
				CLANG_ANALYZER_NUMBER_OBJECT_CONVERSION = YES_AGGRESSIVE;
				CLANG_CXX_LANGUAGE_STANDARD = "gnu++14";
				CLANG_CXX_LIBRARY = "libc++";
				CLANG_ENABLE_MODULES = YES;
				CLANG_ENABLE_OBJC_ARC = YES;
				CLANG_ENABLE_OBJC_WEAK = YES;
				CLANG_WARN_BLOCK_CAPTURE_AUTORELEASING = YES;
				CLANG_WARN_BOOL_CONVERSION = YES;
				CLANG_WARN_COMMA = YES;
				CLANG_WARN_CONSTANT_CONVERSION = YES;
				CLANG_WARN_DEPRECATED_OBJC_IMPLEMENTATIONS = YES;
				CLANG_WARN_DIRECT_OBJC_ISA_USAGE = YES_ERROR;
				CLANG_WARN_DOCUMENTATION_COMMENTS = YES;
				CLANG_WARN_EMPTY_BODY = YES;
				CLANG_WARN_ENUM_CONVERSION = YES;
				CLANG_WARN_INFINITE_RECURSION = YES;
				CLANG_WARN_INT_CONVERSION = YES;
				CLANG_WARN_NON_LITERAL_NULL_CONVERSION = YES;
				CLANG_WARN_OBJC_IMPLICIT_RETAIN_SELF = YES;
				CLANG_WARN_OBJC_LITERAL_CONVERSION = YES;
				CLANG_WARN_OBJC_ROOT_CLASS = YES_ERROR;
				CLANG_WARN_QUOTED_INCLUDE_IN_FRAMEWORK_HEADER = YES;
				CLANG_WARN_RANGE_LOOP_ANALYSIS = YES;
				CLANG_WARN_STRICT_PROTOTYPES = YES;
				CLANG_WARN_SUSPICIOUS_MOVE = YES;
				CLANG_WARN_UNGUARDED_AVAILABILITY = YES_AGGRESSIVE;
				CLANG_WARN_UNREACHABLE_CODE = YES;
				CLANG_WARN__DUPLICATE_METHOD_MATCH = YES;
				COPY_PHASE_STRIP = NO;
				DEBUG_INFORMATION_FORMAT = dwarf;
				ENABLE_STRICT_OBJC_MSGSEND = YES;
				ENABLE_TESTABILITY = YES;
				GCC_C_LANGUAGE_STANDARD = gnu11;
				GCC_DYNAMIC_NO_PIC = NO;
				GCC_NO_COMMON_BLOCKS = YES;
				GCC_OPTIMIZATION_LEVEL = 0;
				GCC_PREPROCESSOR_DEFINITIONS = (
					"DEBUG=1",
					"$(inherited)",
				);
				GCC_WARN_64_TO_32_BIT_CONVERSION = YES;
				GCC_WARN_ABOUT_RETURN_TYPE = YES_ERROR;
				GCC_WARN_UNDECLARED_SELECTOR = YES;
				GCC_WARN_UNINITIALIZED_AUTOS = YES_AGGRESSIVE;
				GCC_WARN_UNUSED_FUNCTION = YES;
				GCC_WARN_UNUSED_VARIABLE = YES;
				IPHONEOS_DEPLOYMENT_TARGET = 14.4;
				MTL_ENABLE_DEBUG_INFO = INCLUDE_SOURCE;
				MTL_FAST_MATH = YES;
				ONLY_ACTIVE_ARCH = YES;
				SDKROOT = iphoneos;
				SWIFT_ACTIVE_COMPILATION_CONDITIONS = DEBUG;
				SWIFT_OPTIMIZATION_LEVEL = "-Onone";
			};
			name = Debug;
		};
		A6360E9625FB9B9800B09FD1 /* Release */ = {
			isa = XCBuildConfiguration;
			buildSettings = {
				ALWAYS_SEARCH_USER_PATHS = NO;
				CLANG_ANALYZER_NONNULL = YES;
				CLANG_ANALYZER_NUMBER_OBJECT_CONVERSION = YES_AGGRESSIVE;
				CLANG_CXX_LANGUAGE_STANDARD = "gnu++14";
				CLANG_CXX_LIBRARY = "libc++";
				CLANG_ENABLE_MODULES = YES;
				CLANG_ENABLE_OBJC_ARC = YES;
				CLANG_ENABLE_OBJC_WEAK = YES;
				CLANG_WARN_BLOCK_CAPTURE_AUTORELEASING = YES;
				CLANG_WARN_BOOL_CONVERSION = YES;
				CLANG_WARN_COMMA = YES;
				CLANG_WARN_CONSTANT_CONVERSION = YES;
				CLANG_WARN_DEPRECATED_OBJC_IMPLEMENTATIONS = YES;
				CLANG_WARN_DIRECT_OBJC_ISA_USAGE = YES_ERROR;
				CLANG_WARN_DOCUMENTATION_COMMENTS = YES;
				CLANG_WARN_EMPTY_BODY = YES;
				CLANG_WARN_ENUM_CONVERSION = YES;
				CLANG_WARN_INFINITE_RECURSION = YES;
				CLANG_WARN_INT_CONVERSION = YES;
				CLANG_WARN_NON_LITERAL_NULL_CONVERSION = YES;
				CLANG_WARN_OBJC_IMPLICIT_RETAIN_SELF = YES;
				CLANG_WARN_OBJC_LITERAL_CONVERSION = YES;
				CLANG_WARN_OBJC_ROOT_CLASS = YES_ERROR;
				CLANG_WARN_QUOTED_INCLUDE_IN_FRAMEWORK_HEADER = YES;
				CLANG_WARN_RANGE_LOOP_ANALYSIS = YES;
				CLANG_WARN_STRICT_PROTOTYPES = YES;
				CLANG_WARN_SUSPICIOUS_MOVE = YES;
				CLANG_WARN_UNGUARDED_AVAILABILITY = YES_AGGRESSIVE;
				CLANG_WARN_UNREACHABLE_CODE = YES;
				CLANG_WARN__DUPLICATE_METHOD_MATCH = YES;
				COPY_PHASE_STRIP = NO;
				DEBUG_INFORMATION_FORMAT = "dwarf-with-dsym";
				ENABLE_NS_ASSERTIONS = NO;
				ENABLE_STRICT_OBJC_MSGSEND = YES;
				GCC_C_LANGUAGE_STANDARD = gnu11;
				GCC_NO_COMMON_BLOCKS = YES;
				GCC_WARN_64_TO_32_BIT_CONVERSION = YES;
				GCC_WARN_ABOUT_RETURN_TYPE = YES_ERROR;
				GCC_WARN_UNDECLARED_SELECTOR = YES;
				GCC_WARN_UNINITIALIZED_AUTOS = YES_AGGRESSIVE;
				GCC_WARN_UNUSED_FUNCTION = YES;
				GCC_WARN_UNUSED_VARIABLE = YES;
				IPHONEOS_DEPLOYMENT_TARGET = 14.4;
				MTL_ENABLE_DEBUG_INFO = NO;
				MTL_FAST_MATH = YES;
				SDKROOT = iphoneos;
				SWIFT_COMPILATION_MODE = wholemodule;
				SWIFT_OPTIMIZATION_LEVEL = "-O";
				VALIDATE_PRODUCT = YES;
			};
			name = Release;
		};
		A6360E9825FB9B9800B09FD1 /* Debug */ = {
			isa = XCBuildConfiguration;
			buildSettings = {
				ASSETCATALOG_COMPILER_APPICON_NAME = AppIcon;
				ASSETCATALOG_COMPILER_GLOBAL_ACCENT_COLOR_NAME = AccentColor;
				CODE_SIGN_STYLE = Automatic;
				DEVELOPMENT_ASSET_PATHS = "\"Moonshot/Preview Content\"";
				DEVELOPMENT_TEAM = SDW84XWCVH;
				ENABLE_PREVIEWS = YES;
				INFOPLIST_FILE = Moonshot/Info.plist;
				IPHONEOS_DEPLOYMENT_TARGET = 14.0;
				LD_RUNPATH_SEARCH_PATHS = (
					"$(inherited)",
					"@executable_path/Frameworks",
				);
				PRODUCT_BUNDLE_IDENTIFIER = tavvfiq.Moonshot;
				PRODUCT_NAME = "$(TARGET_NAME)";
				SWIFT_VERSION = 5.0;
				TARGETED_DEVICE_FAMILY = "1,2";
			};
			name = Debug;
		};
		A6360E9925FB9B9800B09FD1 /* Release */ = {
			isa = XCBuildConfiguration;
			buildSettings = {
				ASSETCATALOG_COMPILER_APPICON_NAME = AppIcon;
				ASSETCATALOG_COMPILER_GLOBAL_ACCENT_COLOR_NAME = AccentColor;
				CODE_SIGN_STYLE = Automatic;
				DEVELOPMENT_ASSET_PATHS = "\"Moonshot/Preview Content\"";
				DEVELOPMENT_TEAM = SDW84XWCVH;
				ENABLE_PREVIEWS = YES;
				INFOPLIST_FILE = Moonshot/Info.plist;
				IPHONEOS_DEPLOYMENT_TARGET = 14.0;
				LD_RUNPATH_SEARCH_PATHS = (
					"$(inherited)",
					"@executable_path/Frameworks",
				);
				PRODUCT_BUNDLE_IDENTIFIER = tavvfiq.Moonshot;
				PRODUCT_NAME = "$(TARGET_NAME)";
				SWIFT_VERSION = 5.0;
				TARGETED_DEVICE_FAMILY = "1,2";
			};
			name = Release;
		};
/* End XCBuildConfiguration section */

/* Begin XCConfigurationList section */
		A6360E8325FB9B9700B09FD1 /* Build configuration list for PBXProject "Moonshot" */ = {
			isa = XCConfigurationList;
			buildConfigurations = (
				A6360E9525FB9B9800B09FD1 /* Debug */,
				A6360E9625FB9B9800B09FD1 /* Release */,
			);
			defaultConfigurationIsVisible = 0;
			defaultConfigurationName = Release;
		};
		A6360E9725FB9B9800B09FD1 /* Build configuration list for PBXNativeTarget "Moonshot" */ = {
			isa = XCConfigurationList;
			buildConfigurations = (
				A6360E9825FB9B9800B09FD1 /* Debug */,
				A6360E9925FB9B9800B09FD1 /* Release */,
			);
			defaultConfigurationIsVisible = 0;
			defaultConfigurationName = Release;
		};
/* End XCConfigurationList section */
	};
	rootObject = A6360E8025FB9B9700B09FD1 /* Project object */;
}
