// !$*UTF8*$!
{
	archiveVersion = 1;
	classes = {
	};
	objectVersion = 50;
	objects = {

/* Begin PBXBuildFile section */
		A686AB342608D0DD00AE8DFC /* BookwormApp.swift in Sources */ = {isa = PBXBuildFile; fileRef = A686AB332608D0DD00AE8DFC /* BookwormApp.swift */; };
		A686AB362608D0DD00AE8DFC /* ContentView.swift in Sources */ = {isa = PBXBuildFile; fileRef = A686AB352608D0DD00AE8DFC /* ContentView.swift */; };
		A686AB382608D0DE00AE8DFC /* Assets.xcassets in Resources */ = {isa = PBXBuildFile; fileRef = A686AB372608D0DE00AE8DFC /* Assets.xcassets */; };
		A686AB3B2608D0DF00AE8DFC /* Preview Assets.xcassets in Resources */ = {isa = PBXBuildFile; fileRef = A686AB3A2608D0DF00AE8DFC /* Preview Assets.xcassets */; };
		A686AB3D2608D0DF00AE8DFC /* Persistence.swift in Sources */ = {isa = PBXBuildFile; fileRef = A686AB3C2608D0DF00AE8DFC /* Persistence.swift */; };
		A686AB402608D0DF00AE8DFC /* Bookworm.xcdatamodeld in Sources */ = {isa = PBXBuildFile; fileRef = A686AB3E2608D0DF00AE8DFC /* Bookworm.xcdatamodeld */; };
		A686AB492608E2DA00AE8DFC /* AddBookView.swift in Sources */ = {isa = PBXBuildFile; fileRef = A686AB482608E2DA00AE8DFC /* AddBookView.swift */; };
		A686AB4C2608E93B00AE8DFC /* RatingView.swift in Sources */ = {isa = PBXBuildFile; fileRef = A686AB4B2608E93B00AE8DFC /* RatingView.swift */; };
		A686AB4F2608EB3700AE8DFC /* EmojiRatingView.swift in Sources */ = {isa = PBXBuildFile; fileRef = A686AB4E2608EB3700AE8DFC /* EmojiRatingView.swift */; };
		A686AB522608EC1400AE8DFC /* DetailView.swift in Sources */ = {isa = PBXBuildFile; fileRef = A686AB512608EC1400AE8DFC /* DetailView.swift */; };
/* End PBXBuildFile section */

/* Begin PBXFileReference section */
		A686AB302608D0DD00AE8DFC /* Bookworm.app */ = {isa = PBXFileReference; explicitFileType = wrapper.application; includeInIndex = 0; path = Bookworm.app; sourceTree = BUILT_PRODUCTS_DIR; };
		A686AB332608D0DD00AE8DFC /* BookwormApp.swift */ = {isa = PBXFileReference; lastKnownFileType = sourcecode.swift; path = BookwormApp.swift; sourceTree = "<group>"; };
		A686AB352608D0DD00AE8DFC /* ContentView.swift */ = {isa = PBXFileReference; lastKnownFileType = sourcecode.swift; path = ContentView.swift; sourceTree = "<group>"; };
		A686AB372608D0DE00AE8DFC /* Assets.xcassets */ = {isa = PBXFileReference; lastKnownFileType = folder.assetcatalog; path = Assets.xcassets; sourceTree = "<group>"; };
		A686AB3A2608D0DF00AE8DFC /* Preview Assets.xcassets */ = {isa = PBXFileReference; lastKnownFileType = folder.assetcatalog; path = "Preview Assets.xcassets"; sourceTree = "<group>"; };
		A686AB3C2608D0DF00AE8DFC /* Persistence.swift */ = {isa = PBXFileReference; lastKnownFileType = sourcecode.swift; path = Persistence.swift; sourceTree = "<group>"; };
		A686AB3F2608D0DF00AE8DFC /* Bookworm.xcdatamodel */ = {isa = PBXFileReference; lastKnownFileType = wrapper.xcdatamodel; path = Bookworm.xcdatamodel; sourceTree = "<group>"; };
		A686AB412608D0DF00AE8DFC /* Info.plist */ = {isa = PBXFileReference; lastKnownFileType = text.plist.xml; path = Info.plist; sourceTree = "<group>"; };
		A686AB482608E2DA00AE8DFC /* AddBookView.swift */ = {isa = PBXFileReference; lastKnownFileType = sourcecode.swift; path = AddBookView.swift; sourceTree = "<group>"; };
		A686AB4B2608E93B00AE8DFC /* RatingView.swift */ = {isa = PBXFileReference; lastKnownFileType = sourcecode.swift; path = RatingView.swift; sourceTree = "<group>"; };
		A686AB4E2608EB3700AE8DFC /* EmojiRatingView.swift */ = {isa = PBXFileReference; lastKnownFileType = sourcecode.swift; path = EmojiRatingView.swift; sourceTree = "<group>"; };
		A686AB512608EC1400AE8DFC /* DetailView.swift */ = {isa = PBXFileReference; lastKnownFileType = sourcecode.swift; path = DetailView.swift; sourceTree = "<group>"; };
/* End PBXFileReference section */

/* Begin PBXFrameworksBuildPhase section */
		A686AB2D2608D0DD00AE8DFC /* Frameworks */ = {
			isa = PBXFrameworksBuildPhase;
			buildActionMask = 2147483647;
			files = (
			);
			runOnlyForDeploymentPostprocessing = 0;
		};
/* End PBXFrameworksBuildPhase section */

/* Begin PBXGroup section */
		A686AB272608D0DD00AE8DFC = {
			isa = PBXGroup;
			children = (
				A686AB322608D0DD00AE8DFC /* Bookworm */,
				A686AB312608D0DD00AE8DFC /* Products */,
			);
			sourceTree = "<group>";
		};
		A686AB312608D0DD00AE8DFC /* Products */ = {
			isa = PBXGroup;
			children = (
				A686AB302608D0DD00AE8DFC /* Bookworm.app */,
			);
			name = Products;
			sourceTree = "<group>";
		};
		A686AB322608D0DD00AE8DFC /* Bookworm */ = {
			isa = PBXGroup;
			children = (
				A686AB332608D0DD00AE8DFC /* BookwormApp.swift */,
				A686AB352608D0DD00AE8DFC /* ContentView.swift */,
				A686AB4E2608EB3700AE8DFC /* EmojiRatingView.swift */,
				A686AB482608E2DA00AE8DFC /* AddBookView.swift */,
				A686AB4B2608E93B00AE8DFC /* RatingView.swift */,
				A686AB372608D0DE00AE8DFC /* Assets.xcassets */,
				A686AB512608EC1400AE8DFC /* DetailView.swift */,
				A686AB3C2608D0DF00AE8DFC /* Persistence.swift */,
				A686AB412608D0DF00AE8DFC /* Info.plist */,
				A686AB3E2608D0DF00AE8DFC /* Bookworm.xcdatamodeld */,
				A686AB392608D0DF00AE8DFC /* Preview Content */,
			);
			path = Bookworm;
			sourceTree = "<group>";
		};
		A686AB392608D0DF00AE8DFC /* Preview Content */ = {
			isa = PBXGroup;
			children = (
				A686AB3A2608D0DF00AE8DFC /* Preview Assets.xcassets */,
			);
			path = "Preview Content";
			sourceTree = "<group>";
		};
/* End PBXGroup section */

/* Begin PBXNativeTarget section */
		A686AB2F2608D0DD00AE8DFC /* Bookworm */ = {
			isa = PBXNativeTarget;
			buildConfigurationList = A686AB442608D0DF00AE8DFC /* Build configuration list for PBXNativeTarget "Bookworm" */;
			buildPhases = (
				A686AB2C2608D0DD00AE8DFC /* Sources */,
				A686AB2D2608D0DD00AE8DFC /* Frameworks */,
				A686AB2E2608D0DD00AE8DFC /* Resources */,
			);
			buildRules = (
			);
			dependencies = (
			);
			name = Bookworm;
			productName = Bookworm;
			productReference = A686AB302608D0DD00AE8DFC /* Bookworm.app */;
			productType = "com.apple.product-type.application";
		};
/* End PBXNativeTarget section */

/* Begin PBXProject section */
		A686AB282608D0DD00AE8DFC /* Project object */ = {
			isa = PBXProject;
			attributes = {
				LastSwiftUpdateCheck = 1240;
				LastUpgradeCheck = 1240;
				TargetAttributes = {
					A686AB2F2608D0DD00AE8DFC = {
						CreatedOnToolsVersion = 12.4;
					};
				};
			};
			buildConfigurationList = A686AB2B2608D0DD00AE8DFC /* Build configuration list for PBXProject "Bookworm" */;
			compatibilityVersion = "Xcode 9.3";
			developmentRegion = en;
			hasScannedForEncodings = 0;
			knownRegions = (
				en,
				Base,
			);
			mainGroup = A686AB272608D0DD00AE8DFC;
			productRefGroup = A686AB312608D0DD00AE8DFC /* Products */;
			projectDirPath = "";
			projectRoot = "";
			targets = (
				A686AB2F2608D0DD00AE8DFC /* Bookworm */,
			);
		};
/* End PBXProject section */

/* Begin PBXResourcesBuildPhase section */
		A686AB2E2608D0DD00AE8DFC /* Resources */ = {
			isa = PBXResourcesBuildPhase;
			buildActionMask = 2147483647;
			files = (
				A686AB3B2608D0DF00AE8DFC /* Preview Assets.xcassets in Resources */,
				A686AB382608D0DE00AE8DFC /* Assets.xcassets in Resources */,
			);
			runOnlyForDeploymentPostprocessing = 0;
		};
/* End PBXResourcesBuildPhase section */

/* Begin PBXSourcesBuildPhase section */
		A686AB2C2608D0DD00AE8DFC /* Sources */ = {
			isa = PBXSourcesBuildPhase;
			buildActionMask = 2147483647;
			files = (
				A686AB3D2608D0DF00AE8DFC /* Persistence.swift in Sources */,
				A686AB522608EC1400AE8DFC /* DetailView.swift in Sources */,
				A686AB402608D0DF00AE8DFC /* Bookworm.xcdatamodeld in Sources */,
				A686AB4F2608EB3700AE8DFC /* EmojiRatingView.swift in Sources */,
				A686AB362608D0DD00AE8DFC /* ContentView.swift in Sources */,
				A686AB4C2608E93B00AE8DFC /* RatingView.swift in Sources */,
				A686AB342608D0DD00AE8DFC /* BookwormApp.swift in Sources */,
				A686AB492608E2DA00AE8DFC /* AddBookView.swift in Sources */,
			);
			runOnlyForDeploymentPostprocessing = 0;
		};
/* End PBXSourcesBuildPhase section */

/* Begin XCBuildConfiguration section */
		A686AB422608D0DF00AE8DFC /* Debug */ = {
			isa = XCBuildConfiguration;
			buildSettings = {
				ALWAYS_SEARCH_USER_PATHS = NO;
				CLANG_ANALYZER_NONNULL = YES;
				CLANG_ANALYZER_NUMBER_OBJECT_CONVERSION = YES_AGGRESSIVE;
				CLANG_CXX_LANGUAGE_STANDARD = "gnu++14";
				CLANG_CXX_LIBRARY = "libc++";
				CLANG_ENABLE_MODULES = YES;
				CLANG_ENABLE_OBJC_ARC = YES;
				CLANG_ENABLE_OBJC_WEAK = YES;
				CLANG_WARN_BLOCK_CAPTURE_AUTORELEASING = YES;
				CLANG_WARN_BOOL_CONVERSION = YES;
				CLANG_WARN_COMMA = YES;
				CLANG_WARN_CONSTANT_CONVERSION = YES;
				CLANG_WARN_DEPRECATED_OBJC_IMPLEMENTATIONS = YES;
				CLANG_WARN_DIRECT_OBJC_ISA_USAGE = YES_ERROR;
				CLANG_WARN_DOCUMENTATION_COMMENTS = YES;
				CLANG_WARN_EMPTY_BODY = YES;
				CLANG_WARN_ENUM_CONVERSION = YES;
				CLANG_WARN_INFINITE_RECURSION = YES;
				CLANG_WARN_INT_CONVERSION = YES;
				CLANG_WARN_NON_LITERAL_NULL_CONVERSION = YES;
				CLANG_WARN_OBJC_IMPLICIT_RETAIN_SELF = YES;
				CLANG_WARN_OBJC_LITERAL_CONVERSION = YES;
				CLANG_WARN_OBJC_ROOT_CLASS = YES_ERROR;
				CLANG_WARN_QUOTED_INCLUDE_IN_FRAMEWORK_HEADER = YES;
				CLANG_WARN_RANGE_LOOP_ANALYSIS = YES;
				CLANG_WARN_STRICT_PROTOTYPES = YES;
				CLANG_WARN_SUSPICIOUS_MOVE = YES;
				CLANG_WARN_UNGUARDED_AVAILABILITY = YES_AGGRESSIVE;
				CLANG_WARN_UNREACHABLE_CODE = YES;
				CLANG_WARN__DUPLICATE_METHOD_MATCH = YES;
				COPY_PHASE_STRIP = NO;
				DEBUG_INFORMATION_FORMAT = dwarf;
				ENABLE_STRICT_OBJC_MSGSEND = YES;
				ENABLE_TESTABILITY = YES;
				GCC_C_LANGUAGE_STANDARD = gnu11;
				GCC_DYNAMIC_NO_PIC = NO;
				GCC_NO_COMMON_BLOCKS = YES;
				GCC_OPTIMIZATION_LEVEL = 0;
				GCC_PREPROCESSOR_DEFINITIONS = (
					"DEBUG=1",
					"$(inherited)",
				);
				GCC_WARN_64_TO_32_BIT_CONVERSION = YES;
				GCC_WARN_ABOUT_RETURN_TYPE = YES_ERROR;
				GCC_WARN_UNDECLARED_SELECTOR = YES;
				GCC_WARN_UNINITIALIZED_AUTOS = YES_AGGRESSIVE;
				GCC_WARN_UNUSED_FUNCTION = YES;
				GCC_WARN_UNUSED_VARIABLE = YES;
				IPHONEOS_DEPLOYMENT_TARGET = 14.4;
				MTL_ENABLE_DEBUG_INFO = INCLUDE_SOURCE;
				MTL_FAST_MATH = YES;
				ONLY_ACTIVE_ARCH = YES;
				SDKROOT = iphoneos;
				SWIFT_ACTIVE_COMPILATION_CONDITIONS = DEBUG;
				SWIFT_OPTIMIZATION_LEVEL = "-Onone";
			};
			name = Debug;
		};
		A686AB432608D0DF00AE8DFC /* Release */ = {
			isa = XCBuildConfiguration;
			buildSettings = {
				ALWAYS_SEARCH_USER_PATHS = NO;
				CLANG_ANALYZER_NONNULL = YES;
				CLANG_ANALYZER_NUMBER_OBJECT_CONVERSION = YES_AGGRESSIVE;
				CLANG_CXX_LANGUAGE_STANDARD = "gnu++14";
				CLANG_CXX_LIBRARY = "libc++";
				CLANG_ENABLE_MODULES = YES;
				CLANG_ENABLE_OBJC_ARC = YES;
				CLANG_ENABLE_OBJC_WEAK = YES;
				CLANG_WARN_BLOCK_CAPTURE_AUTORELEASING = YES;
				CLANG_WARN_BOOL_CONVERSION = YES;
				CLANG_WARN_COMMA = YES;
				CLANG_WARN_CONSTANT_CONVERSION = YES;
				CLANG_WARN_DEPRECATED_OBJC_IMPLEMENTATIONS = YES;
				CLANG_WARN_DIRECT_OBJC_ISA_USAGE = YES_ERROR;
				CLANG_WARN_DOCUMENTATION_COMMENTS = YES;
				CLANG_WARN_EMPTY_BODY = YES;
				CLANG_WARN_ENUM_CONVERSION = YES;
				CLANG_WARN_INFINITE_RECURSION = YES;
				CLANG_WARN_INT_CONVERSION = YES;
				CLANG_WARN_NON_LITERAL_NULL_CONVERSION = YES;
				CLANG_WARN_OBJC_IMPLICIT_RETAIN_SELF = YES;
				CLANG_WARN_OBJC_LITERAL_CONVERSION = YES;
				CLANG_WARN_OBJC_ROOT_CLASS = YES_ERROR;
				CLANG_WARN_QUOTED_INCLUDE_IN_FRAMEWORK_HEADER = YES;
				CLANG_WARN_RANGE_LOOP_ANALYSIS = YES;
				CLANG_WARN_STRICT_PROTOTYPES = YES;
				CLANG_WARN_SUSPICIOUS_MOVE = YES;
				CLANG_WARN_UNGUARDED_AVAILABILITY = YES_AGGRESSIVE;
				CLANG_WARN_UNREACHABLE_CODE = YES;
				CLANG_WARN__DUPLICATE_METHOD_MATCH = YES;
				COPY_PHASE_STRIP = NO;
				DEBUG_INFORMATION_FORMAT = "dwarf-with-dsym";
				ENABLE_NS_ASSERTIONS = NO;
				ENABLE_STRICT_OBJC_MSGSEND = YES;
				GCC_C_LANGUAGE_STANDARD = gnu11;
				GCC_NO_COMMON_BLOCKS = YES;
				GCC_WARN_64_TO_32_BIT_CONVERSION = YES;
				GCC_WARN_ABOUT_RETURN_TYPE = YES_ERROR;
				GCC_WARN_UNDECLARED_SELECTOR = YES;
				GCC_WARN_UNINITIALIZED_AUTOS = YES_AGGRESSIVE;
				GCC_WARN_UNUSED_FUNCTION = YES;
				GCC_WARN_UNUSED_VARIABLE = YES;
				IPHONEOS_DEPLOYMENT_TARGET = 14.4;
				MTL_ENABLE_DEBUG_INFO = NO;
				MTL_FAST_MATH = YES;
				SDKROOT = iphoneos;
				SWIFT_COMPILATION_MODE = wholemodule;
				SWIFT_OPTIMIZATION_LEVEL = "-O";
				VALIDATE_PRODUCT = YES;
			};
			name = Release;
		};
		A686AB452608D0DF00AE8DFC /* Debug */ = {
			isa = XCBuildConfiguration;
			buildSettings = {
				ASSETCATALOG_COMPILER_APPICON_NAME = AppIcon;
				ASSETCATALOG_COMPILER_GLOBAL_ACCENT_COLOR_NAME = AccentColor;
				CODE_SIGN_STYLE = Automatic;
				DEVELOPMENT_ASSET_PATHS = "\"Bookworm/Preview Content\"";
				DEVELOPMENT_TEAM = SDW84XWCVH;
				ENABLE_PREVIEWS = YES;
				INFOPLIST_FILE = Bookworm/Info.plist;
				IPHONEOS_DEPLOYMENT_TARGET = 14.0;
				LD_RUNPATH_SEARCH_PATHS = (
					"$(inherited)",
					"@executable_path/Frameworks",
				);
				PRODUCT_BUNDLE_IDENTIFIER = tavvfiq.Bookworm;
				PRODUCT_NAME = "$(TARGET_NAME)";
				SWIFT_VERSION = 5.0;
				TARGETED_DEVICE_FAMILY = "1,2";
			};
			name = Debug;
		};
		A686AB462608D0DF00AE8DFC /* Release */ = {
			isa = XCBuildConfiguration;
			buildSettings = {
				ASSETCATALOG_COMPILER_APPICON_NAME = AppIcon;
				ASSETCATALOG_COMPILER_GLOBAL_ACCENT_COLOR_NAME = AccentColor;
				CODE_SIGN_STYLE = Automatic;
				DEVELOPMENT_ASSET_PATHS = "\"Bookworm/Preview Content\"";
				DEVELOPMENT_TEAM = SDW84XWCVH;
				ENABLE_PREVIEWS = YES;
				INFOPLIST_FILE = Bookworm/Info.plist;
				IPHONEOS_DEPLOYMENT_TARGET = 14.0;
				LD_RUNPATH_SEARCH_PATHS = (
					"$(inherited)",
					"@executable_path/Frameworks",
				);
				PRODUCT_BUNDLE_IDENTIFIER = tavvfiq.Bookworm;
				PRODUCT_NAME = "$(TARGET_NAME)";
				SWIFT_VERSION = 5.0;
				TARGETED_DEVICE_FAMILY = "1,2";
			};
			name = Release;
		};
/* End XCBuildConfiguration section */

/* Begin XCConfigurationList section */
		A686AB2B2608D0DD00AE8DFC /* Build configuration list for PBXProject "Bookworm" */ = {
			isa = XCConfigurationList;
			buildConfigurations = (
				A686AB422608D0DF00AE8DFC /* Debug */,
				A686AB432608D0DF00AE8DFC /* Release */,
			);
			defaultConfigurationIsVisible = 0;
			defaultConfigurationName = Release;
		};
		A686AB442608D0DF00AE8DFC /* Build configuration list for PBXNativeTarget "Bookworm" */ = {
			isa = XCConfigurationList;
			buildConfigurations = (
				A686AB452608D0DF00AE8DFC /* Debug */,
				A686AB462608D0DF00AE8DFC /* Release */,
			);
			defaultConfigurationIsVisible = 0;
			defaultConfigurationName = Release;
		};
/* End XCConfigurationList section */

/* Begin XCVersionGroup section */
		A686AB3E2608D0DF00AE8DFC /* Bookworm.xcdatamodeld */ = {
			isa = XCVersionGroup;
			children = (
				A686AB3F2608D0DF00AE8DFC /* Bookworm.xcdatamodel */,
			);
			currentVersion = A686AB3F2608D0DF00AE8DFC /* Bookworm.xcdatamodel */;
			path = Bookworm.xcdatamodeld;
			sourceTree = "<group>";
			versionGroupType = wrapper.xcdatamodel;
		};
/* End XCVersionGroup section */
	};
	rootObject = A686AB282608D0DD00AE8DFC /* Project object */;
}
